
Microsoft Visual Studio Solution File, Format Version 12.00
# Visual Studio Version 17
VisualStudioVersion = 17.7.34024.191
MinimumVisualStudioVersion = 10.0.40219.1
Project("{2150E333-8FDC-42A3-9474-1A3956D46DE8}") = "Task0", "Task0", "{BF0B95D4-14EA-4B1E-914C-F8194F71A0D7}"
EndProject
Project("{FAE04EC0-301F-11D3-BF4B-00C04F79EFBC}") = "Tyuiu.KosovAS.Sprint3.Task0.V22", "Tyuiu.KosovAS.Sprint3.Task0.V22\Tyuiu.KosovAS.Sprint3.Task0.V22.csproj", "{385BE6BA-5EB2-4829-9853-27ACD43242AD}"
EndProject
Project("{FAE04EC0-301F-11D3-BF4B-00C04F79EFBC}") = "Tyuiu.KosovAS.Sprint3.Task0.V22.Lib", "Tyuiu.KosovAS.Sprint3.Task0.V22.Lib\Tyuiu.KosovAS.Sprint3.Task0.V22.Lib.csproj", "{A8945EAF-93BC-4BD2-B49A-1612752AA5C7}"
EndProject
Project("{FAE04EC0-301F-11D3-BF4B-00C04F79EFBC}") = "Tyuiu.KosovAS.Sprint3.Task0.V22.Test", "Tyuiu.KosovAS.Sprint3.Task0.V22.Test\Tyuiu.KosovAS.Sprint3.Task0.V22.Test.csproj", "{94FBEA94-B73E-4FCF-9032-D192BF9D520B}"
EndProject
Project("{2150E333-8FDC-42A3-9474-1A3956D46DE8}") = "Task1", "Task1", "{B024C02B-9A18-4AE5-B570-5C6AB685AC8F}"
EndProject
Project("{FAE04EC0-301F-11D3-BF4B-00C04F79EFBC}") = "Tyuiu.KosovAS.Sprint3.Task1.V13", "Tyuiu.KosovAS.Sprint3.Task1.V13\Tyuiu.KosovAS.Sprint3.Task1.V13.csproj", "{0BEC7A6C-A10C-4377-9302-C31F0614887A}"
EndProject
Project("{FAE04EC0-301F-11D3-BF4B-00C04F79EFBC}") = "Tyuiu.KosovAS.Sprint3.Task1.V13.Lib", "Tyuiu.KosovAS.Sprint3.Task1.V13.Lib\Tyuiu.KosovAS.Sprint3.Task1.V13.Lib.csproj", "{65FE8A94-0D3B-4461-A47B-72B868B57891}"
EndProject
Project("{FAE04EC0-301F-11D3-BF4B-00C04F79EFBC}") = "Tyuiu.KosovAS.Sprint3.Task1.V13.Test", "Tyuiu.KosovAS.Sprint3.Task1.V13.Test\Tyuiu.KosovAS.Sprint3.Task1.V13.Test.csproj", "{CE0134D5-CF38-4F51-89AB-10448F9A3BA7}"
EndProject
Global
	GlobalSection(SolutionConfigurationPlatforms) = preSolution
		Debug|Any CPU = Debug|Any CPU
		Release|Any CPU = Release|Any CPU
	EndGlobalSection
	GlobalSection(ProjectConfigurationPlatforms) = postSolution
		{385BE6BA-5EB2-4829-9853-27ACD43242AD}.Debug|Any CPU.ActiveCfg = Debug|Any CPU
		{385BE6BA-5EB2-4829-9853-27ACD43242AD}.Debug|Any CPU.Build.0 = Debug|Any CPU
		{385BE6BA-5EB2-4829-9853-27ACD43242AD}.Release|Any CPU.ActiveCfg = Release|Any CPU
		{385BE6BA-5EB2-4829-9853-27ACD43242AD}.Release|Any CPU.Build.0 = Release|Any CPU
		{A8945EAF-93BC-4BD2-B49A-1612752AA5C7}.Debug|Any CPU.ActiveCfg = Debug|Any CPU
		{A8945EAF-93BC-4BD2-B49A-1612752AA5C7}.Debug|Any CPU.Build.0 = Debug|Any CPU
		{A8945EAF-93BC-4BD2-B49A-1612752AA5C7}.Release|Any CPU.ActiveCfg = Release|Any CPU
		{A8945EAF-93BC-4BD2-B49A-1612752AA5C7}.Release|Any CPU.Build.0 = Release|Any CPU
		{94FBEA94-B73E-4FCF-9032-D192BF9D520B}.Debug|Any CPU.ActiveCfg = Debug|Any CPU
		{94FBEA94-B73E-4FCF-9032-D192BF9D520B}.Debug|Any CPU.Build.0 = Debug|Any CPU
		{94FBEA94-B73E-4FCF-9032-D192BF9D520B}.Release|Any CPU.ActiveCfg = Release|Any CPU
		{94FBEA94-B73E-4FCF-9032-D192BF9D520B}.Release|Any CPU.Build.0 = Release|Any CPU
		{0BEC7A6C-A10C-4377-9302-C31F0614887A}.Debug|Any CPU.ActiveCfg = Debug|Any CPU
		{0BEC7A6C-A10C-4377-9302-C31F0614887A}.Debug|Any CPU.Build.0 = Debug|Any CPU
		{0BEC7A6C-A10C-4377-9302-C31F0614887A}.Release|Any CPU.ActiveCfg = Release|Any CPU
		{0BEC7A6C-A10C-4377-9302-C31F0614887A}.Release|Any CPU.Build.0 = Release|Any CPU
		{65FE8A94-0D3B-4461-A47B-72B868B57891}.Debug|Any CPU.ActiveCfg = Debug|Any CPU
		{65FE8A94-0D3B-4461-A47B-72B868B57891}.Debug|Any CPU.Build.0 = Debug|Any CPU
		{65FE8A94-0D3B-4461-A47B-72B868B57891}.Release|Any CPU.ActiveCfg = Release|Any CPU
		{65FE8A94-0D3B-4461-A47B-72B868B57891}.Release|Any CPU.Build.0 = Release|Any CPU
		{CE0134D5-CF38-4F51-89AB-10448F9A3BA7}.Debug|Any CPU.ActiveCfg = Debug|Any CPU
		{CE0134D5-CF38-4F51-89AB-10448F9A3BA7}.Debug|Any CPU.Build.0 = Debug|Any CPU
		{CE0134D5-CF38-4F51-89AB-10448F9A3BA7}.Release|Any CPU.ActiveCfg = Release|Any CPU
		{CE0134D5-CF38-4F51-89AB-10448F9A3BA7}.Release|Any CPU.Build.0 = Release|Any CPU
	EndGlobalSection
	GlobalSection(SolutionProperties) = preSolution
		HideSolutionNode = FALSE
	EndGlobalSection
	GlobalSection(NestedProjects) = preSolution
		{385BE6BA-5EB2-4829-9853-27ACD43242AD} = {BF0B95D4-14EA-4B1E-914C-F8194F71A0D7}
		{A8945EAF-93BC-4BD2-B49A-1612752AA5C7} = {BF0B95D4-14EA-4B1E-914C-F8194F71A0D7}
		{94FBEA94-B73E-4FCF-9032-D192BF9D520B} = {BF0B95D4-14EA-4B1E-914C-F8194F71A0D7}
		{0BEC7A6C-A10C-4377-9302-C31F0614887A} = {B024C02B-9A18-4AE5-B570-5C6AB685AC8F}
		{65FE8A94-0D3B-4461-A47B-72B868B57891} = {B024C02B-9A18-4AE5-B570-5C6AB685AC8F}
		{CE0134D5-CF38-4F51-89AB-10448F9A3BA7} = {B024C02B-9A18-4AE5-B570-5C6AB685AC8F}
	EndGlobalSection
	GlobalSection(ExtensibilityGlobals) = postSolution
		SolutionGuid = {C8A386D2-F08D-4532-B49A-F3DCF0E793EF}
	EndGlobalSection
EndGlobal
