
Microsoft Visual Studio Solution File, Format Version 12.00
# Visual Studio Version 17
VisualStudioVersion = 17.7.34024.191
MinimumVisualStudioVersion = 10.0.40219.1
Project("{2150E333-8FDC-42A3-9474-1A3956D46DE8}") = "Task0", "Task0", "{BF0B95D4-14EA-4B1E-914C-F8194F71A0D7}"
EndProject
Project("{FAE04EC0-301F-11D3-BF4B-00C04F79EFBC}") = "Tyuiu.KosovAS.Sprint3.Task0.V22", "Tyuiu.KosovAS.Sprint3.Task0.V22\Tyuiu.KosovAS.Sprint3.Task0.V22.csproj", "{385BE6BA-5EB2-4829-9853-27ACD43242AD}"
EndProject
Project("{FAE04EC0-301F-11D3-BF4B-00C04F79EFBC}") = "Tyuiu.KosovAS.Sprint3.Task0.V22.Lib", "Tyuiu.KosovAS.Sprint3.Task0.V22.Lib\Tyuiu.KosovAS.Sprint3.Task0.V22.Lib.csproj", "{A8945EAF-93BC-4BD2-B49A-1612752AA5C7}"
EndProject
Project("{FAE04EC0-301F-11D3-BF4B-00C04F79EFBC}") = "Tyuiu.KosovAS.Sprint3.Task0.V22.Test", "Tyuiu.KosovAS.Sprint3.Task0.V22.Test\Tyuiu.KosovAS.Sprint3.Task0.V22.Test.csproj", "{94FBEA94-B73E-4FCF-9032-D192BF9D520B}"
EndProject
Project("{2150E333-8FDC-42A3-9474-1A3956D46DE8}") = "Task1", "Task1", "{B024C02B-9A18-4AE5-B570-5C6AB685AC8F}"
EndProject
Project("{FAE04EC0-301F-11D3-BF4B-00C04F79EFBC}") = "Tyuiu.KosovAS.Sprint3.Task1.V13", "Tyuiu.KosovAS.Sprint3.Task1.V13\Tyuiu.KosovAS.Sprint3.Task1.V13.csproj", "{0BEC7A6C-A10C-4377-9302-C31F0614887A}"
EndProject
Project("{FAE04EC0-301F-11D3-BF4B-00C04F79EFBC}") = "Tyuiu.KosovAS.Sprint3.Task1.V13.Lib", "Tyuiu.KosovAS.Sprint3.Task1.V13.Lib\Tyuiu.KosovAS.Sprint3.Task1.V13.Lib.csproj", "{65FE8A94-0D3B-4461-A47B-72B868B57891}"
EndProject
Project("{FAE04EC0-301F-11D3-BF4B-00C04F79EFBC}") = "Tyuiu.KosovAS.Sprint3.Task1.V13.Test", "Tyuiu.KosovAS.Sprint3.Task1.V13.Test\Tyuiu.KosovAS.Sprint3.Task1.V13.Test.csproj", "{CE0134D5-CF38-4F51-89AB-10448F9A3BA7}"
EndProject
Project("{2150E333-8FDC-42A3-9474-1A3956D46DE8}") = "Task2", "Task2", "{2CCC131F-B3E9-421A-BADC-65DEF23863BC}"
EndProject
Project("{FAE04EC0-301F-11D3-BF4B-00C04F79EFBC}") = "Tyuiu.KosovAS.Sprint3.Task2.V8", "Tyuiu.KosovAS.Sprint3.Task2.V8\Tyuiu.KosovAS.Sprint3.Task2.V8.csproj", "{0DB5880E-E432-4B4E-AFA0-0FF532630C85}"
EndProject
Project("{FAE04EC0-301F-11D3-BF4B-00C04F79EFBC}") = "Tyuiu.KosovAS.Sprint3.Task2.V8.Lib", "Tyuiu.KosovAS.Sprint3.Task2.V8.Lib\Tyuiu.KosovAS.Sprint3.Task2.V8.Lib.csproj", "{2CABE927-388C-4BB3-9365-ADCD5811F530}"
EndProject
Project("{FAE04EC0-301F-11D3-BF4B-00C04F79EFBC}") = "Tyuiu.KosovAS.Sprint3.Task2.V8.Test", "Tyuiu.KosovAS.Sprint3.Task2.V8.Test\Tyuiu.KosovAS.Sprint3.Task2.V8.Test.csproj", "{9118F600-29B0-401B-9DC0-78D7D538AD29}"
EndProject
Project("{2150E333-8FDC-42A3-9474-1A3956D46DE8}") = "Task3", "Task3", "{FCA1AAF0-E9D7-40B0-A3F7-82D70C106FDC}"
EndProject
Project("{FAE04EC0-301F-11D3-BF4B-00C04F79EFBC}") = "Tyuiu.KosovAS.Sprint3.Task3.V2", "Tyuiu.KosovAS.Sprint3.Task3.V2\Tyuiu.KosovAS.Sprint3.Task3.V2.csproj", "{0F53CBF4-972F-41E3-83A6-493D7999956E}"
EndProject
Project("{FAE04EC0-301F-11D3-BF4B-00C04F79EFBC}") = "Tyuiu.KosovAS.Sprint3.Task3.V2.Lib", "Tyuiu.KosovAS.Sprint3.Task3.V2.Lib\Tyuiu.KosovAS.Sprint3.Task3.V2.Lib.csproj", "{AF7745A8-5007-451C-A387-262FA90D0E6B}"
EndProject
Project("{FAE04EC0-301F-11D3-BF4B-00C04F79EFBC}") = "Tyuiu.KosovAS.Sprint3.Task3.V2.Test", "Tyuiu.KosovAS.Sprint3.Task3.V2.Test\Tyuiu.KosovAS.Sprint3.Task3.V2.Test.csproj", "{C02232BB-F786-4725-8AD0-DABAF912016F}"
EndProject
Project("{2150E333-8FDC-42A3-9474-1A3956D46DE8}") = "Task4", "Task4", "{99C0C907-FDF2-4C47-BDF8-0339ED3C2451}"
EndProject
Project("{FAE04EC0-301F-11D3-BF4B-00C04F79EFBC}") = "Tyuiu.KosovAS.Sprint3.Task4.V5", "Tyuiu.KosovAS.Sprint3.Task4.V5\Tyuiu.KosovAS.Sprint3.Task4.V5.csproj", "{E98BD065-8F8B-43A0-9F82-CB05341490A1}"
EndProject
Project("{FAE04EC0-301F-11D3-BF4B-00C04F79EFBC}") = "Tyuiu.KosovAS.Sprint3.Task4.V5.Lib", "Tyuiu.KosovAS.Sprint3.Task4.V5.Lib\Tyuiu.KosovAS.Sprint3.Task4.V5.Lib.csproj", "{F79886E0-7356-4113-9985-6647E9136E13}"
EndProject
Project("{FAE04EC0-301F-11D3-BF4B-00C04F79EFBC}") = "Tyuiu.KosovAS.Sprint3.Task4.V5.Test", "Tyuiu.KosovAS.Sprint3.Task4.V5.Test\Tyuiu.KosovAS.Sprint3.Task4.V5.Test.csproj", "{84C83EDE-B9B7-4179-AACA-E0F97414EE7D}"
EndProject
Project("{2150E333-8FDC-42A3-9474-1A3956D46DE8}") = "Task5", "Task5", "{27EA3CB3-D62E-4219-9117-2C51C3BE2E73}"
EndProject
Project("{FAE04EC0-301F-11D3-BF4B-00C04F79EFBC}") = "Tyuiu.KosovAS.Sprint3.Task5.V6", "Tyuiu.KosovAS.Sprint3.Task5.V6\Tyuiu.KosovAS.Sprint3.Task5.V6.csproj", "{B114AFC8-A0BD-43C5-8F65-90C5541C7BAE}"
EndProject
Project("{FAE04EC0-301F-11D3-BF4B-00C04F79EFBC}") = "Tyuiu.KosovAS.Sprint3.Task5.V6.Lib", "Tyuiu.KosovAS.Sprint3.Task5.V6.Lib\Tyuiu.KosovAS.Sprint3.Task5.V6.Lib.csproj", "{C54F27AA-BE69-49E0-9CC5-FA7D64146306}"
EndProject
Project("{FAE04EC0-301F-11D3-BF4B-00C04F79EFBC}") = "Tyuiu.KosovAS.Sprint3.Task5.V6.Test", "Tyuiu.KosovAS.Sprint3.Task5.V6.Test\Tyuiu.KosovAS.Sprint3.Task5.V6.Test.csproj", "{A41BC23F-DD68-4362-84FE-701B24905C11}"
EndProject
Project("{2150E333-8FDC-42A3-9474-1A3956D46DE8}") = "Task6", "Task6", "{25AEB301-3F4C-4242-A293-F0CD296A1472}"
EndProject
Project("{FAE04EC0-301F-11D3-BF4B-00C04F79EFBC}") = "Tyuiu.KosovAS.Sprint3.Task6.V13", "Tyuiu.KosovAS.Sprint3.Task6.V13\Tyuiu.KosovAS.Sprint3.Task6.V13.csproj", "{34270156-423C-4F84-9BAE-599E0EE28E36}"
EndProject
Project("{FAE04EC0-301F-11D3-BF4B-00C04F79EFBC}") = "Tyuiu.KosovAS.Sprint3.Task6.V13.Lib", "Tyuiu.KosovAS.Sprint3.Task6.V13.Lib\Tyuiu.KosovAS.Sprint3.Task6.V13.Lib.csproj", "{B37F63E4-D47F-4CC1-A4B1-1265550E12F2}"
EndProject
Project("{FAE04EC0-301F-11D3-BF4B-00C04F79EFBC}") = "Tyuiu.KosovAS.Sprint3.Task6.V13.Test", "Tyuiu.KosovAS.Sprint3.Task6.V13.Test\Tyuiu.KosovAS.Sprint3.Task6.V13.Test.csproj", "{87DBA54B-9E53-4827-9062-785DF1CE3FA2}"
EndProject
Global
	GlobalSection(SolutionConfigurationPlatforms) = preSolution
		Debug|Any CPU = Debug|Any CPU
		Release|Any CPU = Release|Any CPU
	EndGlobalSection
	GlobalSection(ProjectConfigurationPlatforms) = postSolution
		{385BE6BA-5EB2-4829-9853-27ACD43242AD}.Debug|Any CPU.ActiveCfg = Debug|Any CPU
		{385BE6BA-5EB2-4829-9853-27ACD43242AD}.Debug|Any CPU.Build.0 = Debug|Any CPU
		{385BE6BA-5EB2-4829-9853-27ACD43242AD}.Release|Any CPU.ActiveCfg = Release|Any CPU
		{385BE6BA-5EB2-4829-9853-27ACD43242AD}.Release|Any CPU.Build.0 = Release|Any CPU
		{A8945EAF-93BC-4BD2-B49A-1612752AA5C7}.Debug|Any CPU.ActiveCfg = Debug|Any CPU
		{A8945EAF-93BC-4BD2-B49A-1612752AA5C7}.Debug|Any CPU.Build.0 = Debug|Any CPU
		{A8945EAF-93BC-4BD2-B49A-1612752AA5C7}.Release|Any CPU.ActiveCfg = Release|Any CPU
		{A8945EAF-93BC-4BD2-B49A-1612752AA5C7}.Release|Any CPU.Build.0 = Release|Any CPU
		{94FBEA94-B73E-4FCF-9032-D192BF9D520B}.Debug|Any CPU.ActiveCfg = Debug|Any CPU
		{94FBEA94-B73E-4FCF-9032-D192BF9D520B}.Debug|Any CPU.Build.0 = Debug|Any CPU
		{94FBEA94-B73E-4FCF-9032-D192BF9D520B}.Release|Any CPU.ActiveCfg = Release|Any CPU
		{94FBEA94-B73E-4FCF-9032-D192BF9D520B}.Release|Any CPU.Build.0 = Release|Any CPU
		{0BEC7A6C-A10C-4377-9302-C31F0614887A}.Debug|Any CPU.ActiveCfg = Debug|Any CPU
		{0BEC7A6C-A10C-4377-9302-C31F0614887A}.Debug|Any CPU.Build.0 = Debug|Any CPU
		{0BEC7A6C-A10C-4377-9302-C31F0614887A}.Release|Any CPU.ActiveCfg = Release|Any CPU
		{0BEC7A6C-A10C-4377-9302-C31F0614887A}.Release|Any CPU.Build.0 = Release|Any CPU
		{65FE8A94-0D3B-4461-A47B-72B868B57891}.Debug|Any CPU.ActiveCfg = Debug|Any CPU
		{65FE8A94-0D3B-4461-A47B-72B868B57891}.Debug|Any CPU.Build.0 = Debug|Any CPU
		{65FE8A94-0D3B-4461-A47B-72B868B57891}.Release|Any CPU.ActiveCfg = Release|Any CPU
		{65FE8A94-0D3B-4461-A47B-72B868B57891}.Release|Any CPU.Build.0 = Release|Any CPU
		{CE0134D5-CF38-4F51-89AB-10448F9A3BA7}.Debug|Any CPU.ActiveCfg = Debug|Any CPU
		{CE0134D5-CF38-4F51-89AB-10448F9A3BA7}.Debug|Any CPU.Build.0 = Debug|Any CPU
		{CE0134D5-CF38-4F51-89AB-10448F9A3BA7}.Release|Any CPU.ActiveCfg = Release|Any CPU
		{CE0134D5-CF38-4F51-89AB-10448F9A3BA7}.Release|Any CPU.Build.0 = Release|Any CPU
		{0DB5880E-E432-4B4E-AFA0-0FF532630C85}.Debug|Any CPU.ActiveCfg = Debug|Any CPU
		{0DB5880E-E432-4B4E-AFA0-0FF532630C85}.Debug|Any CPU.Build.0 = Debug|Any CPU
		{0DB5880E-E432-4B4E-AFA0-0FF532630C85}.Release|Any CPU.ActiveCfg = Release|Any CPU
		{0DB5880E-E432-4B4E-AFA0-0FF532630C85}.Release|Any CPU.Build.0 = Release|Any CPU
		{2CABE927-388C-4BB3-9365-ADCD5811F530}.Debug|Any CPU.ActiveCfg = Debug|Any CPU
		{2CABE927-388C-4BB3-9365-ADCD5811F530}.Debug|Any CPU.Build.0 = Debug|Any CPU
		{2CABE927-388C-4BB3-9365-ADCD5811F530}.Release|Any CPU.ActiveCfg = Release|Any CPU
		{2CABE927-388C-4BB3-9365-ADCD5811F530}.Release|Any CPU.Build.0 = Release|Any CPU
		{9118F600-29B0-401B-9DC0-78D7D538AD29}.Debug|Any CPU.ActiveCfg = Debug|Any CPU
		{9118F600-29B0-401B-9DC0-78D7D538AD29}.Debug|Any CPU.Build.0 = Debug|Any CPU
		{9118F600-29B0-401B-9DC0-78D7D538AD29}.Release|Any CPU.ActiveCfg = Release|Any CPU
		{9118F600-29B0-401B-9DC0-78D7D538AD29}.Release|Any CPU.Build.0 = Release|Any CPU
		{0F53CBF4-972F-41E3-83A6-493D7999956E}.Debug|Any CPU.ActiveCfg = Debug|Any CPU
		{0F53CBF4-972F-41E3-83A6-493D7999956E}.Debug|Any CPU.Build.0 = Debug|Any CPU
		{0F53CBF4-972F-41E3-83A6-493D7999956E}.Release|Any CPU.ActiveCfg = Release|Any CPU
		{0F53CBF4-972F-41E3-83A6-493D7999956E}.Release|Any CPU.Build.0 = Release|Any CPU
		{AF7745A8-5007-451C-A387-262FA90D0E6B}.Debug|Any CPU.ActiveCfg = Debug|Any CPU
		{AF7745A8-5007-451C-A387-262FA90D0E6B}.Debug|Any CPU.Build.0 = Debug|Any CPU
		{AF7745A8-5007-451C-A387-262FA90D0E6B}.Release|Any CPU.ActiveCfg = Release|Any CPU
		{AF7745A8-5007-451C-A387-262FA90D0E6B}.Release|Any CPU.Build.0 = Release|Any CPU
		{C02232BB-F786-4725-8AD0-DABAF912016F}.Debug|Any CPU.ActiveCfg = Debug|Any CPU
		{C02232BB-F786-4725-8AD0-DABAF912016F}.Debug|Any CPU.Build.0 = Debug|Any CPU
		{C02232BB-F786-4725-8AD0-DABAF912016F}.Release|Any CPU.ActiveCfg = Release|Any CPU
		{C02232BB-F786-4725-8AD0-DABAF912016F}.Release|Any CPU.Build.0 = Release|Any CPU
		{E98BD065-8F8B-43A0-9F82-CB05341490A1}.Debug|Any CPU.ActiveCfg = Debug|Any CPU
		{E98BD065-8F8B-43A0-9F82-CB05341490A1}.Debug|Any CPU.Build.0 = Debug|Any CPU
		{E98BD065-8F8B-43A0-9F82-CB05341490A1}.Release|Any CPU.ActiveCfg = Release|Any CPU
		{E98BD065-8F8B-43A0-9F82-CB05341490A1}.Release|Any CPU.Build.0 = Release|Any CPU
		{F79886E0-7356-4113-9985-6647E9136E13}.Debug|Any CPU.ActiveCfg = Debug|Any CPU
		{F79886E0-7356-4113-9985-6647E9136E13}.Debug|Any CPU.Build.0 = Debug|Any CPU
		{F79886E0-7356-4113-9985-6647E9136E13}.Release|Any CPU.ActiveCfg = Release|Any CPU
		{F79886E0-7356-4113-9985-6647E9136E13}.Release|Any CPU.Build.0 = Release|Any CPU
		{84C83EDE-B9B7-4179-AACA-E0F97414EE7D}.Debug|Any CPU.ActiveCfg = Debug|Any CPU
		{84C83EDE-B9B7-4179-AACA-E0F97414EE7D}.Debug|Any CPU.Build.0 = Debug|Any CPU
		{84C83EDE-B9B7-4179-AACA-E0F97414EE7D}.Release|Any CPU.ActiveCfg = Release|Any CPU
		{84C83EDE-B9B7-4179-AACA-E0F97414EE7D}.Release|Any CPU.Build.0 = Release|Any CPU
		{B114AFC8-A0BD-43C5-8F65-90C5541C7BAE}.Debug|Any CPU.ActiveCfg = Debug|Any CPU
		{B114AFC8-A0BD-43C5-8F65-90C5541C7BAE}.Debug|Any CPU.Build.0 = Debug|Any CPU
		{B114AFC8-A0BD-43C5-8F65-90C5541C7BAE}.Release|Any CPU.ActiveCfg = Release|Any CPU
		{B114AFC8-A0BD-43C5-8F65-90C5541C7BAE}.Release|Any CPU.Build.0 = Release|Any CPU
		{C54F27AA-BE69-49E0-9CC5-FA7D64146306}.Debug|Any CPU.ActiveCfg = Debug|Any CPU
		{C54F27AA-BE69-49E0-9CC5-FA7D64146306}.Debug|Any CPU.Build.0 = Debug|Any CPU
		{C54F27AA-BE69-49E0-9CC5-FA7D64146306}.Release|Any CPU.ActiveCfg = Release|Any CPU
		{C54F27AA-BE69-49E0-9CC5-FA7D64146306}.Release|Any CPU.Build.0 = Release|Any CPU
		{A41BC23F-DD68-4362-84FE-701B24905C11}.Debug|Any CPU.ActiveCfg = Debug|Any CPU
		{A41BC23F-DD68-4362-84FE-701B24905C11}.Debug|Any CPU.Build.0 = Debug|Any CPU
		{A41BC23F-DD68-4362-84FE-701B24905C11}.Release|Any CPU.ActiveCfg = Release|Any CPU
		{A41BC23F-DD68-4362-84FE-701B24905C11}.Release|Any CPU.Build.0 = Release|Any CPU
		{34270156-423C-4F84-9BAE-599E0EE28E36}.Debug|Any CPU.ActiveCfg = Debug|Any CPU
		{34270156-423C-4F84-9BAE-599E0EE28E36}.Debug|Any CPU.Build.0 = Debug|Any CPU
		{34270156-423C-4F84-9BAE-599E0EE28E36}.Release|Any CPU.ActiveCfg = Release|Any CPU
		{34270156-423C-4F84-9BAE-599E0EE28E36}.Release|Any CPU.Build.0 = Release|Any CPU
		{B37F63E4-D47F-4CC1-A4B1-1265550E12F2}.Debug|Any CPU.ActiveCfg = Debug|Any CPU
		{B37F63E4-D47F-4CC1-A4B1-1265550E12F2}.Debug|Any CPU.Build.0 = Debug|Any CPU
		{B37F63E4-D47F-4CC1-A4B1-1265550E12F2}.Release|Any CPU.ActiveCfg = Release|Any CPU
		{B37F63E4-D47F-4CC1-A4B1-1265550E12F2}.Release|Any CPU.Build.0 = Release|Any CPU
		{87DBA54B-9E53-4827-9062-785DF1CE3FA2}.Debug|Any CPU.ActiveCfg = Debug|Any CPU
		{87DBA54B-9E53-4827-9062-785DF1CE3FA2}.Debug|Any CPU.Build.0 = Debug|Any CPU
		{87DBA54B-9E53-4827-9062-785DF1CE3FA2}.Release|Any CPU.ActiveCfg = Release|Any CPU
		{87DBA54B-9E53-4827-9062-785DF1CE3FA2}.Release|Any CPU.Build.0 = Release|Any CPU
	EndGlobalSection
	GlobalSection(SolutionProperties) = preSolution
		HideSolutionNode = FALSE
	EndGlobalSection
	GlobalSection(NestedProjects) = preSolution
		{385BE6BA-5EB2-4829-9853-27ACD43242AD} = {BF0B95D4-14EA-4B1E-914C-F8194F71A0D7}
		{A8945EAF-93BC-4BD2-B49A-1612752AA5C7} = {BF0B95D4-14EA-4B1E-914C-F8194F71A0D7}
		{94FBEA94-B73E-4FCF-9032-D192BF9D520B} = {BF0B95D4-14EA-4B1E-914C-F8194F71A0D7}
		{0BEC7A6C-A10C-4377-9302-C31F0614887A} = {B024C02B-9A18-4AE5-B570-5C6AB685AC8F}
		{65FE8A94-0D3B-4461-A47B-72B868B57891} = {B024C02B-9A18-4AE5-B570-5C6AB685AC8F}
		{CE0134D5-CF38-4F51-89AB-10448F9A3BA7} = {B024C02B-9A18-4AE5-B570-5C6AB685AC8F}
		{0DB5880E-E432-4B4E-AFA0-0FF532630C85} = {2CCC131F-B3E9-421A-BADC-65DEF23863BC}
		{2CABE927-388C-4BB3-9365-ADCD5811F530} = {2CCC131F-B3E9-421A-BADC-65DEF23863BC}
		{9118F600-29B0-401B-9DC0-78D7D538AD29} = {2CCC131F-B3E9-421A-BADC-65DEF23863BC}
		{0F53CBF4-972F-41E3-83A6-493D7999956E} = {FCA1AAF0-E9D7-40B0-A3F7-82D70C106FDC}
		{AF7745A8-5007-451C-A387-262FA90D0E6B} = {FCA1AAF0-E9D7-40B0-A3F7-82D70C106FDC}
		{C02232BB-F786-4725-8AD0-DABAF912016F} = {FCA1AAF0-E9D7-40B0-A3F7-82D70C106FDC}
		{E98BD065-8F8B-43A0-9F82-CB05341490A1} = {99C0C907-FDF2-4C47-BDF8-0339ED3C2451}
		{F79886E0-7356-4113-9985-6647E9136E13} = {99C0C907-FDF2-4C47-BDF8-0339ED3C2451}
		{84C83EDE-B9B7-4179-AACA-E0F97414EE7D} = {99C0C907-FDF2-4C47-BDF8-0339ED3C2451}
		{B114AFC8-A0BD-43C5-8F65-90C5541C7BAE} = {27EA3CB3-D62E-4219-9117-2C51C3BE2E73}
		{C54F27AA-BE69-49E0-9CC5-FA7D64146306} = {27EA3CB3-D62E-4219-9117-2C51C3BE2E73}
		{A41BC23F-DD68-4362-84FE-701B24905C11} = {27EA3CB3-D62E-4219-9117-2C51C3BE2E73}
		{34270156-423C-4F84-9BAE-599E0EE28E36} = {25AEB301-3F4C-4242-A293-F0CD296A1472}
		{B37F63E4-D47F-4CC1-A4B1-1265550E12F2} = {25AEB301-3F4C-4242-A293-F0CD296A1472}
		{87DBA54B-9E53-4827-9062-785DF1CE3FA2} = {25AEB301-3F4C-4242-A293-F0CD296A1472}
	EndGlobalSection
	GlobalSection(ExtensibilityGlobals) = postSolution
		SolutionGuid = {C8A386D2-F08D-4532-B49A-F3DCF0E793EF}
	EndGlobalSection
EndGlobal
